// !$*UTF8*$!
{
	archiveVersion = 1;
	classes = {
	};
	objectVersion = 55;
	objects = {

/* Begin PBXBuildFile section */
		DC2EBCAF2811942D009E8123 /* AppDelegate.swift in Sources */ = {isa = PBXBuildFile; fileRef = DC2EBCAE2811942D009E8123 /* AppDelegate.swift */; };
		DC2EBCB12811942D009E8123 /* SceneDelegate.swift in Sources */ = {isa = PBXBuildFile; fileRef = DC2EBCB02811942D009E8123 /* SceneDelegate.swift */; };
		DC2EBCB828119430009E8123 /* Assets.xcassets in Resources */ = {isa = PBXBuildFile; fileRef = DC2EBCB728119430009E8123 /* Assets.xcassets */; };
		DC2EBCBB28119430009E8123 /* LaunchScreen.storyboard in Resources */ = {isa = PBXBuildFile; fileRef = DC2EBCB928119430009E8123 /* LaunchScreen.storyboard */; };
		DC44D4DE2811975B002A847E /* MainTabBarViewController.swift in Sources */ = {isa = PBXBuildFile; fileRef = DC44D4DD2811975B002A847E /* MainTabBarViewController.swift */; };
		DC44D4E1281198B8002A847E /* HomeViewController.swift in Sources */ = {isa = PBXBuildFile; fileRef = DC44D4E0281198B8002A847E /* HomeViewController.swift */; };
		DC44D4E3281198E5002A847E /* UpcomingViewController.swift in Sources */ = {isa = PBXBuildFile; fileRef = DC44D4E2281198E5002A847E /* UpcomingViewController.swift */; };
		DC44D4E5281198FD002A847E /* SearchViewController.swift in Sources */ = {isa = PBXBuildFile; fileRef = DC44D4E4281198FD002A847E /* SearchViewController.swift */; };
		DC44D4E728119916002A847E /* DownloadViewController.swift in Sources */ = {isa = PBXBuildFile; fileRef = DC44D4E628119916002A847E /* DownloadViewController.swift */; };
		DC48FD6B28330EEA004B43D0 /* Box.swift in Sources */ = {isa = PBXBuildFile; fileRef = DC48FD6A28330EEA004B43D0 /* Box.swift */; };
		DC68AEDC2824869C006C1527 /* HomeHeaderView.swift in Sources */ = {isa = PBXBuildFile; fileRef = DC68AEDB2824869C006C1527 /* HomeHeaderView.swift */; };
		DCD88E112823416E0045A235 /* CollectionViewTableViewCell.swift in Sources */ = {isa = PBXBuildFile; fileRef = DCD88E102823416E0045A235 /* CollectionViewTableViewCell.swift */; };
/* End PBXBuildFile section */

/* Begin PBXFileReference section */
		DC2EBCAB2811942D009E8123 /* Netflix-Clone.app */ = {isa = PBXFileReference; explicitFileType = wrapper.application; includeInIndex = 0; path = "Netflix-Clone.app"; sourceTree = BUILT_PRODUCTS_DIR; };
		DC2EBCAE2811942D009E8123 /* AppDelegate.swift */ = {isa = PBXFileReference; lastKnownFileType = sourcecode.swift; path = AppDelegate.swift; sourceTree = "<group>"; };
		DC2EBCB02811942D009E8123 /* SceneDelegate.swift */ = {isa = PBXFileReference; lastKnownFileType = sourcecode.swift; path = SceneDelegate.swift; sourceTree = "<group>"; };
		DC2EBCB728119430009E8123 /* Assets.xcassets */ = {isa = PBXFileReference; lastKnownFileType = folder.assetcatalog; path = Assets.xcassets; sourceTree = "<group>"; };
		DC2EBCBA28119430009E8123 /* Base */ = {isa = PBXFileReference; lastKnownFileType = file.storyboard; name = Base; path = Base.lproj/LaunchScreen.storyboard; sourceTree = "<group>"; };
		DC2EBCBC28119430009E8123 /* Info.plist */ = {isa = PBXFileReference; lastKnownFileType = text.plist.xml; path = Info.plist; sourceTree = "<group>"; };
		DC44D4DD2811975B002A847E /* MainTabBarViewController.swift */ = {isa = PBXFileReference; fileEncoding = 4; lastKnownFileType = sourcecode.swift; path = MainTabBarViewController.swift; sourceTree = "<group>"; };
		DC44D4E0281198B8002A847E /* HomeViewController.swift */ = {isa = PBXFileReference; lastKnownFileType = sourcecode.swift; path = HomeViewController.swift; sourceTree = "<group>"; };
		DC44D4E2281198E5002A847E /* UpcomingViewController.swift */ = {isa = PBXFileReference; lastKnownFileType = sourcecode.swift; path = UpcomingViewController.swift; sourceTree = "<group>"; };
		DC44D4E4281198FD002A847E /* SearchViewController.swift */ = {isa = PBXFileReference; lastKnownFileType = sourcecode.swift; path = SearchViewController.swift; sourceTree = "<group>"; };
		DC44D4E628119916002A847E /* DownloadViewController.swift */ = {isa = PBXFileReference; lastKnownFileType = sourcecode.swift; path = DownloadViewController.swift; sourceTree = "<group>"; };
		DC48FD6A28330EEA004B43D0 /* Box.swift */ = {isa = PBXFileReference; lastKnownFileType = sourcecode.swift; path = Box.swift; sourceTree = "<group>"; };
		DC68AEDB2824869C006C1527 /* HomeHeaderView.swift */ = {isa = PBXFileReference; lastKnownFileType = sourcecode.swift; path = HomeHeaderView.swift; sourceTree = "<group>"; };
		DCD88E102823416E0045A235 /* CollectionViewTableViewCell.swift */ = {isa = PBXFileReference; lastKnownFileType = sourcecode.swift; path = CollectionViewTableViewCell.swift; sourceTree = "<group>"; };
/* End PBXFileReference section */

/* Begin PBXFrameworksBuildPhase section */
		DC2EBCA82811942C009E8123 /* Frameworks */ = {
			isa = PBXFrameworksBuildPhase;
			buildActionMask = 2147483647;
			files = (
			);
			runOnlyForDeploymentPostprocessing = 0;
		};
/* End PBXFrameworksBuildPhase section */

/* Begin PBXGroup section */
		DC2EBCA22811942C009E8123 = {
			isa = PBXGroup;
			children = (
				DC2EBCAD2811942D009E8123 /* Netflix-Clone */,
				DC2EBCAC2811942D009E8123 /* Products */,
			);
			sourceTree = "<group>";
		};
		DC2EBCAC2811942D009E8123 /* Products */ = {
			isa = PBXGroup;
			children = (
				DC2EBCAB2811942D009E8123 /* Netflix-Clone.app */,
			);
			name = Products;
			sourceTree = "<group>";
		};
		DC2EBCAD2811942D009E8123 /* Netflix-Clone */ = {
			isa = PBXGroup;
			children = (
				DCD88E0D282341100045A235 /* Managers */,
				DCD88E0C282341010045A235 /* Resources */,
				DCD88E0B282340DE0045A235 /* Models */,
				DCD88E0A282340D30045A235 /* ViewModels */,
				DC44D4DF28119877002A847E /* View */,
				DC2EBCAE2811942D009E8123 /* AppDelegate.swift */,
				DC2EBCB02811942D009E8123 /* SceneDelegate.swift */,
				DC2EBCB728119430009E8123 /* Assets.xcassets */,
				DC2EBCB928119430009E8123 /* LaunchScreen.storyboard */,
				DC2EBCBC28119430009E8123 /* Info.plist */,
			);
			path = "Netflix-Clone";
			sourceTree = "<group>";
		};
		DC44D4DF28119877002A847E /* View */ = {
			isa = PBXGroup;
			children = (
				DC68AEDA28248659006C1527 /* Download */,
				DC68AED928248653006C1527 /* Search */,
				DC68AED82824864E006C1527 /* Upcoming */,
				DCD88E0928233B840045A235 /* MainTabBar */,
				DCD88E0E282341340045A235 /* Home */,
			);
			path = View;
			sourceTree = "<group>";
		};
		DC68AED82824864E006C1527 /* Upcoming */ = {
			isa = PBXGroup;
			children = (
				DC44D4E2281198E5002A847E /* UpcomingViewController.swift */,
			);
			path = Upcoming;
			sourceTree = "<group>";
		};
		DC68AED928248653006C1527 /* Search */ = {
			isa = PBXGroup;
			children = (
				DC44D4E4281198FD002A847E /* SearchViewController.swift */,
			);
			path = Search;
			sourceTree = "<group>";
		};
		DC68AEDA28248659006C1527 /* Download */ = {
			isa = PBXGroup;
			children = (
				DC44D4E628119916002A847E /* DownloadViewController.swift */,
			);
			path = Download;
			sourceTree = "<group>";
		};
		DC68AEDD282486AF006C1527 /* Header */ = {
			isa = PBXGroup;
			children = (
				DC68AEDB2824869C006C1527 /* HomeHeaderView.swift */,
			);
			path = Header;
			sourceTree = "<group>";
		};
		DCD88E0928233B840045A235 /* MainTabBar */ = {
			isa = PBXGroup;
			children = (
				DC44D4DD2811975B002A847E /* MainTabBarViewController.swift */,
			);
			path = MainTabBar;
			sourceTree = "<group>";
		};
		DCD88E0A282340D30045A235 /* ViewModels */ = {
			isa = PBXGroup;
			children = (
			);
			path = ViewModels;
			sourceTree = "<group>";
		};
		DCD88E0B282340DE0045A235 /* Models */ = {
			isa = PBXGroup;
			children = (
			);
			path = Models;
			sourceTree = "<group>";
		};
		DCD88E0C282341010045A235 /* Resources */ = {
			isa = PBXGroup;
			children = (
				DC48FD6A28330EEA004B43D0 /* Box.swift */,
			);
			path = Resources;
			sourceTree = "<group>";
		};
		DCD88E0D282341100045A235 /* Managers */ = {
			isa = PBXGroup;
			children = (
			);
			path = Managers;
			sourceTree = "<group>";
		};
		DCD88E0E282341340045A235 /* Home */ = {
			isa = PBXGroup;
			children = (
				DC44D4E0281198B8002A847E /* HomeViewController.swift */,
				DC68AEDD282486AF006C1527 /* Header */,
				DCD88E0F2823413C0045A235 /* Cell */,
			);
			path = Home;
			sourceTree = "<group>";
		};
		DCD88E0F2823413C0045A235 /* Cell */ = {
			isa = PBXGroup;
			children = (
				DCD88E102823416E0045A235 /* CollectionViewTableViewCell.swift */,
			);
			path = Cell;
			sourceTree = "<group>";
		};
/* End PBXGroup section */

/* Begin PBXNativeTarget section */
		DC2EBCAA2811942C009E8123 /* Netflix-Clone */ = {
			isa = PBXNativeTarget;
			buildConfigurationList = DC2EBCBF28119430009E8123 /* Build configuration list for PBXNativeTarget "Netflix-Clone" */;
			buildPhases = (
				DC2EBCA72811942C009E8123 /* Sources */,
				DC2EBCA82811942C009E8123 /* Frameworks */,
				DC2EBCA92811942C009E8123 /* Resources */,
			);
			buildRules = (
			);
			dependencies = (
			);
			name = "Netflix-Clone";
			productName = "Netflix-Clone";
			productReference = DC2EBCAB2811942D009E8123 /* Netflix-Clone.app */;
			productType = "com.apple.product-type.application";
		};
/* End PBXNativeTarget section */

/* Begin PBXProject section */
		DC2EBCA32811942C009E8123 /* Project object */ = {
			isa = PBXProject;
			attributes = {
				BuildIndependentTargetsInParallel = 1;
				LastSwiftUpdateCheck = 1330;
				LastUpgradeCheck = 1330;
				TargetAttributes = {
					DC2EBCAA2811942C009E8123 = {
						CreatedOnToolsVersion = 13.3;
					};
				};
			};
			buildConfigurationList = DC2EBCA62811942C009E8123 /* Build configuration list for PBXProject "Netflix-Clone" */;
			compatibilityVersion = "Xcode 13.0";
			developmentRegion = en;
			hasScannedForEncodings = 0;
			knownRegions = (
				en,
				Base,
			);
			mainGroup = DC2EBCA22811942C009E8123;
			productRefGroup = DC2EBCAC2811942D009E8123 /* Products */;
			projectDirPath = "";
			projectRoot = "";
			targets = (
				DC2EBCAA2811942C009E8123 /* Netflix-Clone */,
			);
		};
/* End PBXProject section */

/* Begin PBXResourcesBuildPhase section */
		DC2EBCA92811942C009E8123 /* Resources */ = {
			isa = PBXResourcesBuildPhase;
			buildActionMask = 2147483647;
			files = (
				DC2EBCBB28119430009E8123 /* LaunchScreen.storyboard in Resources */,
				DC2EBCB828119430009E8123 /* Assets.xcassets in Resources */,
			);
			runOnlyForDeploymentPostprocessing = 0;
		};
/* End PBXResourcesBuildPhase section */

/* Begin PBXSourcesBuildPhase section */
		DC2EBCA72811942C009E8123 /* Sources */ = {
			isa = PBXSourcesBuildPhase;
			buildActionMask = 2147483647;
			files = (
				DC44D4E5281198FD002A847E /* SearchViewController.swift in Sources */,
				DC44D4DE2811975B002A847E /* MainTabBarViewController.swift in Sources */,
				DCD88E112823416E0045A235 /* CollectionViewTableViewCell.swift in Sources */,
				DC68AEDC2824869C006C1527 /* HomeHeaderView.swift in Sources */,
				DC2EBCAF2811942D009E8123 /* AppDelegate.swift in Sources */,
				DC48FD6B28330EEA004B43D0 /* Box.swift in Sources */,
				DC44D4E728119916002A847E /* DownloadViewController.swift in Sources */,
				DC2EBCB12811942D009E8123 /* SceneDelegate.swift in Sources */,
				DC44D4E3281198E5002A847E /* UpcomingViewController.swift in Sources */,
				DC44D4E1281198B8002A847E /* HomeViewController.swift in Sources */,
			);
			runOnlyForDeploymentPostprocessing = 0;
		};
/* End PBXSourcesBuildPhase section */

/* Begin PBXVariantGroup section */
		DC2EBCB928119430009E8123 /* LaunchScreen.storyboard */ = {
			isa = PBXVariantGroup;
			children = (
				DC2EBCBA28119430009E8123 /* Base */,
			);
			name = LaunchScreen.storyboard;
			sourceTree = "<group>";
		};
/* End PBXVariantGroup section */

/* Begin XCBuildConfiguration section */
		DC2EBCBD28119430009E8123 /* Debug */ = {
			isa = XCBuildConfiguration;
			buildSettings = {
				ALWAYS_SEARCH_USER_PATHS = NO;
				CLANG_ANALYZER_NONNULL = YES;
				CLANG_ANALYZER_NUMBER_OBJECT_CONVERSION = YES_AGGRESSIVE;
				CLANG_CXX_LANGUAGE_STANDARD = "gnu++17";
				CLANG_ENABLE_MODULES = YES;
				CLANG_ENABLE_OBJC_ARC = YES;
				CLANG_ENABLE_OBJC_WEAK = YES;
				CLANG_WARN_BLOCK_CAPTURE_AUTORELEASING = YES;
				CLANG_WARN_BOOL_CONVERSION = YES;
				CLANG_WARN_COMMA = YES;
				CLANG_WARN_CONSTANT_CONVERSION = YES;
				CLANG_WARN_DEPRECATED_OBJC_IMPLEMENTATIONS = YES;
				CLANG_WARN_DIRECT_OBJC_ISA_USAGE = YES_ERROR;
				CLANG_WARN_DOCUMENTATION_COMMENTS = YES;
				CLANG_WARN_EMPTY_BODY = YES;
				CLANG_WARN_ENUM_CONVERSION = YES;
				CLANG_WARN_INFINITE_RECURSION = YES;
				CLANG_WARN_INT_CONVERSION = YES;
				CLANG_WARN_NON_LITERAL_NULL_CONVERSION = YES;
				CLANG_WARN_OBJC_IMPLICIT_RETAIN_SELF = YES;
				CLANG_WARN_OBJC_LITERAL_CONVERSION = YES;
				CLANG_WARN_OBJC_ROOT_CLASS = YES_ERROR;
				CLANG_WARN_QUOTED_INCLUDE_IN_FRAMEWORK_HEADER = YES;
				CLANG_WARN_RANGE_LOOP_ANALYSIS = YES;
				CLANG_WARN_STRICT_PROTOTYPES = YES;
				CLANG_WARN_SUSPICIOUS_MOVE = YES;
				CLANG_WARN_UNGUARDED_AVAILABILITY = YES_AGGRESSIVE;
				CLANG_WARN_UNREACHABLE_CODE = YES;
				CLANG_WARN__DUPLICATE_METHOD_MATCH = YES;
				COPY_PHASE_STRIP = NO;
				DEBUG_INFORMATION_FORMAT = dwarf;
				ENABLE_STRICT_OBJC_MSGSEND = YES;
				ENABLE_TESTABILITY = YES;
				GCC_C_LANGUAGE_STANDARD = gnu11;
				GCC_DYNAMIC_NO_PIC = NO;
				GCC_NO_COMMON_BLOCKS = YES;
				GCC_OPTIMIZATION_LEVEL = 0;
				GCC_PREPROCESSOR_DEFINITIONS = (
					"DEBUG=1",
					"$(inherited)",
				);
				GCC_WARN_64_TO_32_BIT_CONVERSION = YES;
				GCC_WARN_ABOUT_RETURN_TYPE = YES_ERROR;
				GCC_WARN_UNDECLARED_SELECTOR = YES;
				GCC_WARN_UNINITIALIZED_AUTOS = YES_AGGRESSIVE;
				GCC_WARN_UNUSED_FUNCTION = YES;
				GCC_WARN_UNUSED_VARIABLE = YES;
				IPHONEOS_DEPLOYMENT_TARGET = 15.4;
				MTL_ENABLE_DEBUG_INFO = INCLUDE_SOURCE;
				MTL_FAST_MATH = YES;
				ONLY_ACTIVE_ARCH = YES;
				SDKROOT = iphoneos;
				SWIFT_ACTIVE_COMPILATION_CONDITIONS = DEBUG;
				SWIFT_OPTIMIZATION_LEVEL = "-Onone";
			};
			name = Debug;
		};
		DC2EBCBE28119430009E8123 /* Release */ = {
			isa = XCBuildConfiguration;
			buildSettings = {
				ALWAYS_SEARCH_USER_PATHS = NO;
				CLANG_ANALYZER_NONNULL = YES;
				CLANG_ANALYZER_NUMBER_OBJECT_CONVERSION = YES_AGGRESSIVE;
				CLANG_CXX_LANGUAGE_STANDARD = "gnu++17";
				CLANG_ENABLE_MODULES = YES;
				CLANG_ENABLE_OBJC_ARC = YES;
				CLANG_ENABLE_OBJC_WEAK = YES;
				CLANG_WARN_BLOCK_CAPTURE_AUTORELEASING = YES;
				CLANG_WARN_BOOL_CONVERSION = YES;
				CLANG_WARN_COMMA = YES;
				CLANG_WARN_CONSTANT_CONVERSION = YES;
				CLANG_WARN_DEPRECATED_OBJC_IMPLEMENTATIONS = YES;
				CLANG_WARN_DIRECT_OBJC_ISA_USAGE = YES_ERROR;
				CLANG_WARN_DOCUMENTATION_COMMENTS = YES;
				CLANG_WARN_EMPTY_BODY = YES;
				CLANG_WARN_ENUM_CONVERSION = YES;
				CLANG_WARN_INFINITE_RECURSION = YES;
				CLANG_WARN_INT_CONVERSION = YES;
				CLANG_WARN_NON_LITERAL_NULL_CONVERSION = YES;
				CLANG_WARN_OBJC_IMPLICIT_RETAIN_SELF = YES;
				CLANG_WARN_OBJC_LITERAL_CONVERSION = YES;
				CLANG_WARN_OBJC_ROOT_CLASS = YES_ERROR;
				CLANG_WARN_QUOTED_INCLUDE_IN_FRAMEWORK_HEADER = YES;
				CLANG_WARN_RANGE_LOOP_ANALYSIS = YES;
				CLANG_WARN_STRICT_PROTOTYPES = YES;
				CLANG_WARN_SUSPICIOUS_MOVE = YES;
				CLANG_WARN_UNGUARDED_AVAILABILITY = YES_AGGRESSIVE;
				CLANG_WARN_UNREACHABLE_CODE = YES;
				CLANG_WARN__DUPLICATE_METHOD_MATCH = YES;
				COPY_PHASE_STRIP = NO;
				DEBUG_INFORMATION_FORMAT = "dwarf-with-dsym";
				ENABLE_NS_ASSERTIONS = NO;
				ENABLE_STRICT_OBJC_MSGSEND = YES;
				GCC_C_LANGUAGE_STANDARD = gnu11;
				GCC_NO_COMMON_BLOCKS = YES;
				GCC_WARN_64_TO_32_BIT_CONVERSION = YES;
				GCC_WARN_ABOUT_RETURN_TYPE = YES_ERROR;
				GCC_WARN_UNDECLARED_SELECTOR = YES;
				GCC_WARN_UNINITIALIZED_AUTOS = YES_AGGRESSIVE;
				GCC_WARN_UNUSED_FUNCTION = YES;
				GCC_WARN_UNUSED_VARIABLE = YES;
				IPHONEOS_DEPLOYMENT_TARGET = 15.4;
				MTL_ENABLE_DEBUG_INFO = NO;
				MTL_FAST_MATH = YES;
				SDKROOT = iphoneos;
				SWIFT_COMPILATION_MODE = wholemodule;
				SWIFT_OPTIMIZATION_LEVEL = "-O";
				VALIDATE_PRODUCT = YES;
			};
			name = Release;
		};
		DC2EBCC028119430009E8123 /* Debug */ = {
			isa = XCBuildConfiguration;
			buildSettings = {
				ASSETCATALOG_COMPILER_APPICON_NAME = AppIcon;
				ASSETCATALOG_COMPILER_GLOBAL_ACCENT_COLOR_NAME = AccentColor;
				CODE_SIGN_STYLE = Automatic;
				CURRENT_PROJECT_VERSION = 1;
				GENERATE_INFOPLIST_FILE = YES;
				INFOPLIST_FILE = "Netflix-Clone/Info.plist";
				INFOPLIST_KEY_UIApplicationSupportsIndirectInputEvents = YES;
				INFOPLIST_KEY_UILaunchStoryboardName = LaunchScreen;
				INFOPLIST_KEY_UISupportedInterfaceOrientations_iPad = "UIInterfaceOrientationPortrait UIInterfaceOrientationPortraitUpsideDown UIInterfaceOrientationLandscapeLeft UIInterfaceOrientationLandscapeRight";
				INFOPLIST_KEY_UISupportedInterfaceOrientations_iPhone = "UIInterfaceOrientationPortrait UIInterfaceOrientationLandscapeLeft UIInterfaceOrientationLandscapeRight";
				LD_RUNPATH_SEARCH_PATHS = (
					"$(inherited)",
					"@executable_path/Frameworks",
				);
				MARKETING_VERSION = 1.0;
				PRODUCT_BUNDLE_IDENTIFIER = "com.notfound.Netflix-Clone";
				PRODUCT_NAME = "$(TARGET_NAME)";
				SWIFT_EMIT_LOC_STRINGS = YES;
				SWIFT_VERSION = 5.0;
				TARGETED_DEVICE_FAMILY = "1,2";
			};
			name = Debug;
		};
		DC2EBCC128119430009E8123 /* Release */ = {
			isa = XCBuildConfiguration;
			buildSettings = {
				ASSETCATALOG_COMPILER_APPICON_NAME = AppIcon;
				ASSETCATALOG_COMPILER_GLOBAL_ACCENT_COLOR_NAME = AccentColor;
				CODE_SIGN_STYLE = Automatic;
				CURRENT_PROJECT_VERSION = 1;
				GENERATE_INFOPLIST_FILE = YES;
				INFOPLIST_FILE = "Netflix-Clone/Info.plist";
				INFOPLIST_KEY_UIApplicationSupportsIndirectInputEvents = YES;
				INFOPLIST_KEY_UILaunchStoryboardName = LaunchScreen;
				INFOPLIST_KEY_UISupportedInterfaceOrientations_iPad = "UIInterfaceOrientationPortrait UIInterfaceOrientationPortraitUpsideDown UIInterfaceOrientationLandscapeLeft UIInterfaceOrientationLandscapeRight";
				INFOPLIST_KEY_UISupportedInterfaceOrientations_iPhone = "UIInterfaceOrientationPortrait UIInterfaceOrientationLandscapeLeft UIInterfaceOrientationLandscapeRight";
				LD_RUNPATH_SEARCH_PATHS = (
					"$(inherited)",
					"@executable_path/Frameworks",
				);
				MARKETING_VERSION = 1.0;
				PRODUCT_BUNDLE_IDENTIFIER = "com.notfound.Netflix-Clone";
				PRODUCT_NAME = "$(TARGET_NAME)";
				SWIFT_EMIT_LOC_STRINGS = YES;
				SWIFT_VERSION = 5.0;
				TARGETED_DEVICE_FAMILY = "1,2";
			};
			name = Release;
		};
/* End XCBuildConfiguration section */

/* Begin XCConfigurationList section */
		DC2EBCA62811942C009E8123 /* Build configuration list for PBXProject "Netflix-Clone" */ = {
			isa = XCConfigurationList;
			buildConfigurations = (
				DC2EBCBD28119430009E8123 /* Debug */,
				DC2EBCBE28119430009E8123 /* Release */,
			);
			defaultConfigurationIsVisible = 0;
			defaultConfigurationName = Release;
		};
		DC2EBCBF28119430009E8123 /* Build configuration list for PBXNativeTarget "Netflix-Clone" */ = {
			isa = XCConfigurationList;
			buildConfigurations = (
				DC2EBCC028119430009E8123 /* Debug */,
				DC2EBCC128119430009E8123 /* Release */,
			);
			defaultConfigurationIsVisible = 0;
			defaultConfigurationName = Release;
		};
/* End XCConfigurationList section */
	};
	rootObject = DC2EBCA32811942C009E8123 /* Project object */;
}
